
Microsoft Visual Studio Solution File, Format Version 12.00
# Visual Studio Version 17
VisualStudioVersion = 17.5.33530.505
MinimumVisualStudioVersion = 10.0.40219.1
Project("{9A19103F-16F7-4668-BE54-9A1E7A4F7556}") = "Common", "Common\Common.csproj", "{602B856B-0922-48B2-AFDD-AAC2F4B1D3F8}"
EndProject
Project("{2150E333-8FDC-42A3-9474-1A3956D46DE8}") = "SoultionItmes", "SoultionItmes", "{17C32C2E-84AD-46F0-945F-43950BFAC005}"
	ProjectSection(SolutionItems) = preProject
		LICENSE.txt = LICENSE.txt
		README.md = README.md
	EndProjectSection
EndProject
Project("{FAE04EC0-301F-11D3-BF4B-00C04F79EFBC}") = "Shell.Server", "Shell.Server\Shell.Server.csproj", "{19D932C2-FFC5-42F4-A07D-528B645C6FD8}"
EndProject
Global
	GlobalSection(SolutionConfigurationPlatforms) = preSolution
		Debug|Any CPU = Debug|Any CPU
		Release|Any CPU = Release|Any CPU
	EndGlobalSection
	GlobalSection(ProjectConfigurationPlatforms) = postSolution
		{602B856B-0922-48B2-AFDD-AAC2F4B1D3F8}.Debug|Any CPU.ActiveCfg = Debug|Any CPU
		{602B856B-0922-48B2-AFDD-AAC2F4B1D3F8}.Debug|Any CPU.Build.0 = Debug|Any CPU
		{602B856B-0922-48B2-AFDD-AAC2F4B1D3F8}.Release|Any CPU.ActiveCfg = Release|Any CPU
		{602B856B-0922-48B2-AFDD-AAC2F4B1D3F8}.Release|Any CPU.Build.0 = Release|Any CPU
		{19D932C2-FFC5-42F4-A07D-528B645C6FD8}.Debug|Any CPU.ActiveCfg = Debug|Any CPU
		{19D932C2-FFC5-42F4-A07D-528B645C6FD8}.Debug|Any CPU.Build.0 = Debug|Any CPU
		{19D932C2-FFC5-42F4-A07D-528B645C6FD8}.Release|Any CPU.ActiveCfg = Release|Any CPU
		{19D932C2-FFC5-42F4-A07D-528B645C6FD8}.Release|Any CPU.Build.0 = Release|Any CPU
	EndGlobalSection
	GlobalSection(SolutionProperties) = preSolution
		HideSolutionNode = FALSE
	EndGlobalSection
	GlobalSection(ExtensibilityGlobals) = postSolution
		SolutionGuid = {C83247E8-464B-44B9-BA47-8AF199FE953A}
	EndGlobalSection
EndGlobal
