Microsoft Visual Studio Solution File, Format Version 12.00
# Visual Studio Version 17
VisualStudioVersion = 17.5.33530.505
MinimumVisualStudioVersion = 10.0.40219.1
Project("{2150E333-8FDC-42A3-9474-1A3956D46DE8}") = "SoultionItmes", "SoultionItmes", "{17C32C2E-84AD-46F0-945F-43950BFAC005}"
	ProjectSection(SolutionItems) = preProject
		LICENSE.txt = LICENSE.txt
		README.md = README.md
	EndProjectSection
EndProject
Project("{2150E333-8FDC-42A3-9474-1A3956D46DE8}") = "Features", "Features", "{8E14EBB6-FF95-4E7C-A4E1-18885D5D2221}"
EndProject
Project("{2150E333-8FDC-42A3-9474-1A3956D46DE8}") = "WSAM", "WSAM", "{08EDA65D-BCDC-46CC-BE82-95409189C0DB}"
EndProject
Project("{9A19103F-16F7-4668-BE54-9A1E7A4F7556}") = "Common", "Common\Common.csproj", "{E6C178D0-BCC2-4BCD-B009-A52BF350B189}"
EndProject
Project("{9A19103F-16F7-4668-BE54-9A1E7A4F7556}") = "BlazorDemo.Client", "BlazorDemo\WSAM\Client\BlazorDemo.Client.csproj", "{806CA5B3-D25A-4632-85F8-879D20FDF790}"
EndProject
Project("{9A19103F-16F7-4668-BE54-9A1E7A4F7556}") = "BlazorDemo.Server", "BlazorDemo\WSAM\Server\BlazorDemo.Server.csproj", "{BC94BA47-7E60-4BBD-88FF-EAB6173D45E1}"
EndProject
Project("{2150E333-8FDC-42A3-9474-1A3956D46DE8}") = "ServerSide", "ServerSide", "{DBF762E5-6012-4786-BFE6-00318211B639}"
EndProject
Project("{9A19103F-16F7-4668-BE54-9A1E7A4F7556}") = "BlazorDemo", "BlazorDemo\ServerSide\BlazorDemo\BlazorDemo.csproj", "{269E2ADD-0F4D-485F-ADC3-79F373D20109}"
EndProject
Project("{9A19103F-16F7-4668-BE54-9A1E7A4F7556}") = "UserFeatureModule", "FeatureModules\UserFeatureModule\UserFeatureModule.csproj", "{5EBFF567-8D10-4B3C-BA9E-0AC134566D6F}"
EndProject
Project("{9A19103F-16F7-4668-BE54-9A1E7A4F7556}") = "ScrumPokerFeatureModule", "FeatureModules\ScrumPokerModule\ScrumPokerFeatureModule.csproj", "{FF3ED773-CFAB-415F-A266-3C5D8C3896C3}"
EndProject
Project("{9A19103F-16F7-4668-BE54-9A1E7A4F7556}") = "BingoFeatureModule", "FeatureModules\BingoModule\BingoFeatureModule.csproj", "{C27B4C3B-F8D0-4EFA-A6B0-7BBA02E78E62}"
EndProject
Global
	GlobalSection(SolutionConfigurationPlatforms) = preSolution
		Debug|Any CPU = Debug|Any CPU
		Release|Any CPU = Release|Any CPU
	EndGlobalSection
	GlobalSection(ProjectConfigurationPlatforms) = postSolution
		{E6C178D0-BCC2-4BCD-B009-A52BF350B189}.Debug|Any CPU.ActiveCfg = Debug|Any CPU
		{E6C178D0-BCC2-4BCD-B009-A52BF350B189}.Debug|Any CPU.Build.0 = Debug|Any CPU
		{E6C178D0-BCC2-4BCD-B009-A52BF350B189}.Release|Any CPU.ActiveCfg = Release|Any CPU
		{E6C178D0-BCC2-4BCD-B009-A52BF350B189}.Release|Any CPU.Build.0 = Release|Any CPU
		{806CA5B3-D25A-4632-85F8-879D20FDF790}.Debug|Any CPU.ActiveCfg = Debug|Any CPU
		{806CA5B3-D25A-4632-85F8-879D20FDF790}.Debug|Any CPU.Build.0 = Debug|Any CPU
		{806CA5B3-D25A-4632-85F8-879D20FDF790}.Release|Any CPU.ActiveCfg = Release|Any CPU
		{806CA5B3-D25A-4632-85F8-879D20FDF790}.Release|Any CPU.Build.0 = Release|Any CPU
		{BC94BA47-7E60-4BBD-88FF-EAB6173D45E1}.Debug|Any CPU.ActiveCfg = Debug|Any CPU
		{BC94BA47-7E60-4BBD-88FF-EAB6173D45E1}.Debug|Any CPU.Build.0 = Debug|Any CPU
		{BC94BA47-7E60-4BBD-88FF-EAB6173D45E1}.Release|Any CPU.ActiveCfg = Release|Any CPU
		{BC94BA47-7E60-4BBD-88FF-EAB6173D45E1}.Release|Any CPU.Build.0 = Release|Any CPU
		{269E2ADD-0F4D-485F-ADC3-79F373D20109}.Debug|Any CPU.ActiveCfg = Debug|Any CPU
		{269E2ADD-0F4D-485F-ADC3-79F373D20109}.Debug|Any CPU.Build.0 = Debug|Any CPU
		{269E2ADD-0F4D-485F-ADC3-79F373D20109}.Release|Any CPU.ActiveCfg = Release|Any CPU
		{269E2ADD-0F4D-485F-ADC3-79F373D20109}.Release|Any CPU.Build.0 = Release|Any CPU
		{5EBFF567-8D10-4B3C-BA9E-0AC134566D6F}.Debug|Any CPU.ActiveCfg = Debug|Any CPU
		{5EBFF567-8D10-4B3C-BA9E-0AC134566D6F}.Debug|Any CPU.Build.0 = Debug|Any CPU
		{5EBFF567-8D10-4B3C-BA9E-0AC134566D6F}.Release|Any CPU.ActiveCfg = Release|Any CPU
		{5EBFF567-8D10-4B3C-BA9E-0AC134566D6F}.Release|Any CPU.Build.0 = Release|Any CPU
		{FF3ED773-CFAB-415F-A266-3C5D8C3896C3}.Debug|Any CPU.ActiveCfg = Debug|Any CPU
		{FF3ED773-CFAB-415F-A266-3C5D8C3896C3}.Debug|Any CPU.Build.0 = Debug|Any CPU
		{FF3ED773-CFAB-415F-A266-3C5D8C3896C3}.Release|Any CPU.ActiveCfg = Release|Any CPU
		{FF3ED773-CFAB-415F-A266-3C5D8C3896C3}.Release|Any CPU.Build.0 = Release|Any CPU
		{C27B4C3B-F8D0-4EFA-A6B0-7BBA02E78E62}.Debug|Any CPU.ActiveCfg = Debug|Any CPU
		{C27B4C3B-F8D0-4EFA-A6B0-7BBA02E78E62}.Debug|Any CPU.Build.0 = Debug|Any CPU
		{C27B4C3B-F8D0-4EFA-A6B0-7BBA02E78E62}.Release|Any CPU.ActiveCfg = Release|Any CPU
		{C27B4C3B-F8D0-4EFA-A6B0-7BBA02E78E62}.Release|Any CPU.Build.0 = Release|Any CPU
	EndGlobalSection
	GlobalSection(SolutionProperties) = preSolution
		HideSolutionNode = FALSE
	EndGlobalSection
	GlobalSection(NestedProjects) = preSolution
		{806CA5B3-D25A-4632-85F8-879D20FDF790} = {08EDA65D-BCDC-46CC-BE82-95409189C0DB}
		{BC94BA47-7E60-4BBD-88FF-EAB6173D45E1} = {08EDA65D-BCDC-46CC-BE82-95409189C0DB}
		{269E2ADD-0F4D-485F-ADC3-79F373D20109} = {DBF762E5-6012-4786-BFE6-00318211B639}
		{5EBFF567-8D10-4B3C-BA9E-0AC134566D6F} = {8E14EBB6-FF95-4E7C-A4E1-18885D5D2221}
		{FF3ED773-CFAB-415F-A266-3C5D8C3896C3} = {8E14EBB6-FF95-4E7C-A4E1-18885D5D2221}
		{C27B4C3B-F8D0-4EFA-A6B0-7BBA02E78E62} = {8E14EBB6-FF95-4E7C-A4E1-18885D5D2221}
	EndGlobalSection
	GlobalSection(ExtensibilityGlobals) = postSolution
		SolutionGuid = {C83247E8-464B-44B9-BA47-8AF199FE953A}
	EndGlobalSection
EndGlobal
